
Microsoft Visual Studio Solution File, Format Version 12.00
# Visual Studio Version 17
VisualStudioVersion = 17.3.32825.248
MinimumVisualStudioVersion = 10.0.40219.1
Project("{FAE04EC0-301F-11D3-BF4B-00C04F79EFBC}") = "Inlämningsuppgift 5.6", "Inlämningsuppgift 5.6\Inlämningsuppgift 5.6.csproj", "{1E67E723-FC45-43BC-B7D0-A4F600EA5851}"
EndProject
Global
	GlobalSection(SolutionConfigurationPlatforms) = preSolution
		Debug|Any CPU = Debug|Any CPU
		Release|Any CPU = Release|Any CPU
	EndGlobalSection
	GlobalSection(ProjectConfigurationPlatforms) = postSolution
		{1E67E723-FC45-43BC-B7D0-A4F600EA5851}.Debug|Any CPU.ActiveCfg = Debug|Any CPU
		{1E67E723-FC45-43BC-B7D0-A4F600EA5851}.Debug|Any CPU.Build.0 = Debug|Any CPU
		{1E67E723-FC45-43BC-B7D0-A4F600EA5851}.Release|Any CPU.ActiveCfg = Release|Any CPU
		{1E67E723-FC45-43BC-B7D0-A4F600EA5851}.Release|Any CPU.Build.0 = Release|Any CPU
	EndGlobalSection
	GlobalSection(SolutionProperties) = preSolution
		HideSolutionNode = FALSE
	EndGlobalSection
	GlobalSection(ExtensibilityGlobals) = postSolution
		SolutionGuid = {8292D34E-21EC-48D0-A869-CAB206E73590}
	EndGlobalSection
EndGlobal
